
Microsoft Visual Studio Solution File, Format Version 12.00
# Visual Studio 15
VisualStudioVersion = 15.0.28307.168
MinimumVisualStudioVersion = 10.0.40219.1
Project("{FAE04EC0-301F-11D3-BF4B-00C04F79EFBC}") = "PangyaFileCore", "PangyaFileCore.csproj", "{CD26E40C-37C6-4559-A9CB-7B27E168C5B2}"
EndProject
Project("{FAE04EC0-301F-11D3-BF4B-00C04F79EFBC}") = "PangyaAPI", "..\PangyaAPI\PangyaAPI.csproj", "{A53A1B9A-46E2-453A-BD76-F2D82B710CEC}"
EndProject
Global
	GlobalSection(SolutionConfigurationPlatforms) = preSolution
		Debug|Any CPU = Debug|Any CPU
		Release|Any CPU = Release|Any CPU
	EndGlobalSection
	GlobalSection(ProjectConfigurationPlatforms) = postSolution
		{CD26E40C-37C6-4559-A9CB-7B27E168C5B2}.Debug|Any CPU.ActiveCfg = Debug|Any CPU
		{CD26E40C-37C6-4559-A9CB-7B27E168C5B2}.Debug|Any CPU.Build.0 = Debug|Any CPU
		{CD26E40C-37C6-4559-A9CB-7B27E168C5B2}.Release|Any CPU.ActiveCfg = Release|Any CPU
		{CD26E40C-37C6-4559-A9CB-7B27E168C5B2}.Release|Any CPU.Build.0 = Release|Any CPU
		{A53A1B9A-46E2-453A-BD76-F2D82B710CEC}.Debug|Any CPU.ActiveCfg = Debug|Any CPU
		{A53A1B9A-46E2-453A-BD76-F2D82B710CEC}.Debug|Any CPU.Build.0 = Debug|Any CPU
		{A53A1B9A-46E2-453A-BD76-F2D82B710CEC}.Release|Any CPU.ActiveCfg = Release|Any CPU
		{A53A1B9A-46E2-453A-BD76-F2D82B710CEC}.Release|Any CPU.Build.0 = Release|Any CPU
	EndGlobalSection
	GlobalSection(SolutionProperties) = preSolution
		HideSolutionNode = FALSE
	EndGlobalSection
	GlobalSection(ExtensibilityGlobals) = postSolution
		SolutionGuid = {FAF2CD9A-E701-441F-AB5D-454F04671319}
	EndGlobalSection
EndGlobal
